// !$*UTF8*$!
{
	archiveVersion = 1;
	classes = {
	};
	objectVersion = 50;
	objects = {

/* Begin PBXBuildFile section */
		44A63AEF255D082C00C29812 /* AppDelegate.swift in Sources */ = {isa = PBXBuildFile; fileRef = 44A63AEE255D082C00C29812 /* AppDelegate.swift */; };
		44A63AF1255D082C00C29812 /* SceneDelegate.swift in Sources */ = {isa = PBXBuildFile; fileRef = 44A63AF0255D082C00C29812 /* SceneDelegate.swift */; };
		44A63AF3255D082C00C29812 /* ViewController.swift in Sources */ = {isa = PBXBuildFile; fileRef = 44A63AF2255D082C00C29812 /* ViewController.swift */; };
		44A63AF6255D082C00C29812 /* Main.storyboard in Resources */ = {isa = PBXBuildFile; fileRef = 44A63AF4255D082C00C29812 /* Main.storyboard */; };
		44A63AF8255D082F00C29812 /* Assets.xcassets in Resources */ = {isa = PBXBuildFile; fileRef = 44A63AF7255D082F00C29812 /* Assets.xcassets */; };
		44A63AFB255D082F00C29812 /* LaunchScreen.storyboard in Resources */ = {isa = PBXBuildFile; fileRef = 44A63AF9255D082F00C29812 /* LaunchScreen.storyboard */; };
		44A63B04255D15A700C29812 /* ProvinsiTableViewCell.swift in Sources */ = {isa = PBXBuildFile; fileRef = 44A63B03255D15A700C29812 /* ProvinsiTableViewCell.swift */; };
/* End PBXBuildFile section */

/* Begin PBXFileReference section */
		44A63AEB255D082C00C29812 /* table view.app */ = {isa = PBXFileReference; explicitFileType = wrapper.application; includeInIndex = 0; path = "table view.app"; sourceTree = BUILT_PRODUCTS_DIR; };
		44A63AEE255D082C00C29812 /* AppDelegate.swift */ = {isa = PBXFileReference; lastKnownFileType = sourcecode.swift; path = AppDelegate.swift; sourceTree = "<group>"; };
		44A63AF0255D082C00C29812 /* SceneDelegate.swift */ = {isa = PBXFileReference; lastKnownFileType = sourcecode.swift; path = SceneDelegate.swift; sourceTree = "<group>"; };
		44A63AF2255D082C00C29812 /* ViewController.swift */ = {isa = PBXFileReference; lastKnownFileType = sourcecode.swift; path = ViewController.swift; sourceTree = "<group>"; };
		44A63AF5255D082C00C29812 /* Base */ = {isa = PBXFileReference; lastKnownFileType = file.storyboard; name = Base; path = Base.lproj/Main.storyboard; sourceTree = "<group>"; };
		44A63AF7255D082F00C29812 /* Assets.xcassets */ = {isa = PBXFileReference; lastKnownFileType = folder.assetcatalog; path = Assets.xcassets; sourceTree = "<group>"; };
		44A63AFA255D082F00C29812 /* Base */ = {isa = PBXFileReference; lastKnownFileType = file.storyboard; name = Base; path = Base.lproj/LaunchScreen.storyboard; sourceTree = "<group>"; };
		44A63AFC255D082F00C29812 /* Info.plist */ = {isa = PBXFileReference; lastKnownFileType = text.plist.xml; path = Info.plist; sourceTree = "<group>"; };
		44A63B03255D15A700C29812 /* ProvinsiTableViewCell.swift */ = {isa = PBXFileReference; lastKnownFileType = sourcecode.swift; path = ProvinsiTableViewCell.swift; sourceTree = "<group>"; };
/* End PBXFileReference section */

/* Begin PBXFrameworksBuildPhase section */
		44A63AE8255D082B00C29812 /* Frameworks */ = {
			isa = PBXFrameworksBuildPhase;
			buildActionMask = 2147483647;
			files = (
			);
			runOnlyForDeploymentPostprocessing = 0;
		};
/* End PBXFrameworksBuildPhase section */

/* Begin PBXGroup section */
		44A63AE2255D082B00C29812 = {
			isa = PBXGroup;
			children = (
				44A63AED255D082C00C29812 /* table view */,
				44A63AEC255D082C00C29812 /* Products */,
			);
			sourceTree = "<group>";
		};
		44A63AEC255D082C00C29812 /* Products */ = {
			isa = PBXGroup;
			children = (
				44A63AEB255D082C00C29812 /* table view.app */,
			);
			name = Products;
			sourceTree = "<group>";
		};
		44A63AED255D082C00C29812 /* table view */ = {
			isa = PBXGroup;
			children = (
				44A63AEE255D082C00C29812 /* AppDelegate.swift */,
				44A63AF0255D082C00C29812 /* SceneDelegate.swift */,
				44A63AF2255D082C00C29812 /* ViewController.swift */,
				44A63AF4255D082C00C29812 /* Main.storyboard */,
				44A63AF7255D082F00C29812 /* Assets.xcassets */,
				44A63AF9255D082F00C29812 /* LaunchScreen.storyboard */,
				44A63AFC255D082F00C29812 /* Info.plist */,
				44A63B03255D15A700C29812 /* ProvinsiTableViewCell.swift */,
			);
			path = "table view";
			sourceTree = "<group>";
		};
/* End PBXGroup section */

/* Begin PBXNativeTarget section */
		44A63AEA255D082B00C29812 /* table view */ = {
			isa = PBXNativeTarget;
			buildConfigurationList = 44A63AFF255D082F00C29812 /* Build configuration list for PBXNativeTarget "table view" */;
			buildPhases = (
				44A63AE7255D082B00C29812 /* Sources */,
				44A63AE8255D082B00C29812 /* Frameworks */,
				44A63AE9255D082B00C29812 /* Resources */,
			);
			buildRules = (
			);
			dependencies = (
			);
			name = "table view";
			productName = "table view";
			productReference = 44A63AEB255D082C00C29812 /* table view.app */;
			productType = "com.apple.product-type.application";
		};
/* End PBXNativeTarget section */

/* Begin PBXProject section */
		44A63AE3255D082B00C29812 /* Project object */ = {
			isa = PBXProject;
			attributes = {
				LastSwiftUpdateCheck = 1200;
				LastUpgradeCheck = 1200;
				TargetAttributes = {
					44A63AEA255D082B00C29812 = {
						CreatedOnToolsVersion = 12.0.1;
					};
				};
			};
			buildConfigurationList = 44A63AE6255D082B00C29812 /* Build configuration list for PBXProject "table view" */;
			compatibilityVersion = "Xcode 9.3";
			developmentRegion = en;
			hasScannedForEncodings = 0;
			knownRegions = (
				en,
				Base,
			);
			mainGroup = 44A63AE2255D082B00C29812;
			productRefGroup = 44A63AEC255D082C00C29812 /* Products */;
			projectDirPath = "";
			projectRoot = "";
			targets = (
				44A63AEA255D082B00C29812 /* table view */,
			);
		};
/* End PBXProject section */

/* Begin PBXResourcesBuildPhase section */
		44A63AE9255D082B00C29812 /* Resources */ = {
			isa = PBXResourcesBuildPhase;
			buildActionMask = 2147483647;
			files = (
				44A63AFB255D082F00C29812 /* LaunchScreen.storyboard in Resources */,
				44A63AF8255D082F00C29812 /* Assets.xcassets in Resources */,
				44A63AF6255D082C00C29812 /* Main.storyboard in Resources */,
			);
			runOnlyForDeploymentPostprocessing = 0;
		};
/* End PBXResourcesBuildPhase section */

/* Begin PBXSourcesBuildPhase section */
		44A63AE7255D082B00C29812 /* Sources */ = {
			isa = PBXSourcesBuildPhase;
			buildActionMask = 2147483647;
			files = (
				44A63AF3255D082C00C29812 /* ViewController.swift in Sources */,
				44A63AEF255D082C00C29812 /* AppDelegate.swift in Sources */,
				44A63AF1255D082C00C29812 /* SceneDelegate.swift in Sources */,
				44A63B04255D15A700C29812 /* ProvinsiTableViewCell.swift in Sources */,
			);
			runOnlyForDeploymentPostprocessing = 0;
		};
/* End PBXSourcesBuildPhase section */

/* Begin PBXVariantGroup section */
		44A63AF4255D082C00C29812 /* Main.storyboard */ = {
			isa = PBXVariantGroup;
			children = (
				44A63AF5255D082C00C29812 /* Base */,
			);
			name = Main.storyboard;
			sourceTree = "<group>";
		};
		44A63AF9255D082F00C29812 /* LaunchScreen.storyboard */ = {
			isa = PBXVariantGroup;
			children = (
				44A63AFA255D082F00C29812 /* Base */,
			);
			name = LaunchScreen.storyboard;
			sourceTree = "<group>";
		};
/* End PBXVariantGroup section */

/* Begin XCBuildConfiguration section */
		44A63AFD255D082F00C29812 /* Debug */ = {
			isa = XCBuildConfiguration;
			buildSettings = {
				ALWAYS_SEARCH_USER_PATHS = NO;
				CLANG_ANALYZER_NONNULL = YES;
				CLANG_ANALYZER_NUMBER_OBJECT_CONVERSION = YES_AGGRESSIVE;
				CLANG_CXX_LANGUAGE_STANDARD = "gnu++14";
				CLANG_CXX_LIBRARY = "libc++";
				CLANG_ENABLE_MODULES = YES;
				CLANG_ENABLE_OBJC_ARC = YES;
				CLANG_ENABLE_OBJC_WEAK = YES;
				CLANG_WARN_BLOCK_CAPTURE_AUTORELEASING = YES;
				CLANG_WARN_BOOL_CONVERSION = YES;
				CLANG_WARN_COMMA = YES;
				CLANG_WARN_CONSTANT_CONVERSION = YES;
				CLANG_WARN_DEPRECATED_OBJC_IMPLEMENTATIONS = YES;
				CLANG_WARN_DIRECT_OBJC_ISA_USAGE = YES_ERROR;
				CLANG_WARN_DOCUMENTATION_COMMENTS = YES;
				CLANG_WARN_EMPTY_BODY = YES;
				CLANG_WARN_ENUM_CONVERSION = YES;
				CLANG_WARN_INFINITE_RECURSION = YES;
				CLANG_WARN_INT_CONVERSION = YES;
				CLANG_WARN_NON_LITERAL_NULL_CONVERSION = YES;
				CLANG_WARN_OBJC_IMPLICIT_RETAIN_SELF = YES;
				CLANG_WARN_OBJC_LITERAL_CONVERSION = YES;
				CLANG_WARN_OBJC_ROOT_CLASS = YES_ERROR;
				CLANG_WARN_QUOTED_INCLUDE_IN_FRAMEWORK_HEADER = YES;
				CLANG_WARN_RANGE_LOOP_ANALYSIS = YES;
				CLANG_WARN_STRICT_PROTOTYPES = YES;
				CLANG_WARN_SUSPICIOUS_MOVE = YES;
				CLANG_WARN_UNGUARDED_AVAILABILITY = YES_AGGRESSIVE;
				CLANG_WARN_UNREACHABLE_CODE = YES;
				CLANG_WARN__DUPLICATE_METHOD_MATCH = YES;
				COPY_PHASE_STRIP = NO;
				DEBUG_INFORMATION_FORMAT = dwarf;
				ENABLE_STRICT_OBJC_MSGSEND = YES;
				ENABLE_TESTABILITY = YES;
				GCC_C_LANGUAGE_STANDARD = gnu11;
				GCC_DYNAMIC_NO_PIC = NO;
				GCC_NO_COMMON_BLOCKS = YES;
				GCC_OPTIMIZATION_LEVEL = 0;
				GCC_PREPROCESSOR_DEFINITIONS = (
					"DEBUG=1",
					"$(inherited)",
				);
				GCC_WARN_64_TO_32_BIT_CONVERSION = YES;
				GCC_WARN_ABOUT_RETURN_TYPE = YES_ERROR;
				GCC_WARN_UNDECLARED_SELECTOR = YES;
				GCC_WARN_UNINITIALIZED_AUTOS = YES_AGGRESSIVE;
				GCC_WARN_UNUSED_FUNCTION = YES;
				GCC_WARN_UNUSED_VARIABLE = YES;
				IPHONEOS_DEPLOYMENT_TARGET = 14.0;
				MTL_ENABLE_DEBUG_INFO = INCLUDE_SOURCE;
				MTL_FAST_MATH = YES;
				ONLY_ACTIVE_ARCH = YES;
				SDKROOT = iphoneos;
				SWIFT_ACTIVE_COMPILATION_CONDITIONS = DEBUG;
				SWIFT_OPTIMIZATION_LEVEL = "-Onone";
			};
			name = Debug;
		};
		44A63AFE255D082F00C29812 /* Release */ = {
			isa = XCBuildConfiguration;
			buildSettings = {
				ALWAYS_SEARCH_USER_PATHS = NO;
				CLANG_ANALYZER_NONNULL = YES;
				CLANG_ANALYZER_NUMBER_OBJECT_CONVERSION = YES_AGGRESSIVE;
				CLANG_CXX_LANGUAGE_STANDARD = "gnu++14";
				CLANG_CXX_LIBRARY = "libc++";
				CLANG_ENABLE_MODULES = YES;
				CLANG_ENABLE_OBJC_ARC = YES;
				CLANG_ENABLE_OBJC_WEAK = YES;
				CLANG_WARN_BLOCK_CAPTURE_AUTORELEASING = YES;
				CLANG_WARN_BOOL_CONVERSION = YES;
				CLANG_WARN_COMMA = YES;
				CLANG_WARN_CONSTANT_CONVERSION = YES;
				CLANG_WARN_DEPRECATED_OBJC_IMPLEMENTATIONS = YES;
				CLANG_WARN_DIRECT_OBJC_ISA_USAGE = YES_ERROR;
				CLANG_WARN_DOCUMENTATION_COMMENTS = YES;
				CLANG_WARN_EMPTY_BODY = YES;
				CLANG_WARN_ENUM_CONVERSION = YES;
				CLANG_WARN_INFINITE_RECURSION = YES;
				CLANG_WARN_INT_CONVERSION = YES;
				CLANG_WARN_NON_LITERAL_NULL_CONVERSION = YES;
				CLANG_WARN_OBJC_IMPLICIT_RETAIN_SELF = YES;
				CLANG_WARN_OBJC_LITERAL_CONVERSION = YES;
				CLANG_WARN_OBJC_ROOT_CLASS = YES_ERROR;
				CLANG_WARN_QUOTED_INCLUDE_IN_FRAMEWORK_HEADER = YES;
				CLANG_WARN_RANGE_LOOP_ANALYSIS = YES;
				CLANG_WARN_STRICT_PROTOTYPES = YES;
				CLANG_WARN_SUSPICIOUS_MOVE = YES;
				CLANG_WARN_UNGUARDED_AVAILABILITY = YES_AGGRESSIVE;
				CLANG_WARN_UNREACHABLE_CODE = YES;
				CLANG_WARN__DUPLICATE_METHOD_MATCH = YES;
				COPY_PHASE_STRIP = NO;
				DEBUG_INFORMATION_FORMAT = "dwarf-with-dsym";
				ENABLE_NS_ASSERTIONS = NO;
				ENABLE_STRICT_OBJC_MSGSEND = YES;
				GCC_C_LANGUAGE_STANDARD = gnu11;
				GCC_NO_COMMON_BLOCKS = YES;
				GCC_WARN_64_TO_32_BIT_CONVERSION = YES;
				GCC_WARN_ABOUT_RETURN_TYPE = YES_ERROR;
				GCC_WARN_UNDECLARED_SELECTOR = YES;
				GCC_WARN_UNINITIALIZED_AUTOS = YES_AGGRESSIVE;
				GCC_WARN_UNUSED_FUNCTION = YES;
				GCC_WARN_UNUSED_VARIABLE = YES;
				IPHONEOS_DEPLOYMENT_TARGET = 14.0;
				MTL_ENABLE_DEBUG_INFO = NO;
				MTL_FAST_MATH = YES;
				SDKROOT = iphoneos;
				SWIFT_COMPILATION_MODE = wholemodule;
				SWIFT_OPTIMIZATION_LEVEL = "-O";
				VALIDATE_PRODUCT = YES;
			};
			name = Release;
		};
		44A63B00255D082F00C29812 /* Debug */ = {
			isa = XCBuildConfiguration;
			buildSettings = {
				ASSETCATALOG_COMPILER_APPICON_NAME = AppIcon;
				ASSETCATALOG_COMPILER_GLOBAL_ACCENT_COLOR_NAME = AccentColor;
				CODE_SIGN_STYLE = Automatic;
				INFOPLIST_FILE = "table view/Info.plist";
				LD_RUNPATH_SEARCH_PATHS = (
					"$(inherited)",
					"@executable_path/Frameworks",
				);
				PRODUCT_BUNDLE_IDENTIFIER = "Luthv.co.table-view";
				PRODUCT_NAME = "$(TARGET_NAME)";
				SWIFT_VERSION = 5.0;
				TARGETED_DEVICE_FAMILY = "1,2";
			};
			name = Debug;
		};
		44A63B01255D082F00C29812 /* Release */ = {
			isa = XCBuildConfiguration;
			buildSettings = {
				ASSETCATALOG_COMPILER_APPICON_NAME = AppIcon;
				ASSETCATALOG_COMPILER_GLOBAL_ACCENT_COLOR_NAME = AccentColor;
				CODE_SIGN_STYLE = Automatic;
				INFOPLIST_FILE = "table view/Info.plist";
				LD_RUNPATH_SEARCH_PATHS = (
					"$(inherited)",
					"@executable_path/Frameworks",
				);
				PRODUCT_BUNDLE_IDENTIFIER = "Luthv.co.table-view";
				PRODUCT_NAME = "$(TARGET_NAME)";
				SWIFT_VERSION = 5.0;
				TARGETED_DEVICE_FAMILY = "1,2";
			};
			name = Release;
		};
/* End XCBuildConfiguration section */

/* Begin XCConfigurationList section */
		44A63AE6255D082B00C29812 /* Build configuration list for PBXProject "table view" */ = {
			isa = XCConfigurationList;
			buildConfigurations = (
				44A63AFD255D082F00C29812 /* Debug */,
				44A63AFE255D082F00C29812 /* Release */,
			);
			defaultConfigurationIsVisible = 0;
			defaultConfigurationName = Release;
		};
		44A63AFF255D082F00C29812 /* Build configuration list for PBXNativeTarget "table view" */ = {
			isa = XCConfigurationList;
			buildConfigurations = (
				44A63B00255D082F00C29812 /* Debug */,
				44A63B01255D082F00C29812 /* Release */,
			);
			defaultConfigurationIsVisible = 0;
			defaultConfigurationName = Release;
		};
/* End XCConfigurationList section */
	};
	rootObject = 44A63AE3255D082B00C29812 /* Project object */;
}
